// !$*UTF8*$!
{
	archiveVersion = 1;
	classes = {
	};
	objectVersion = 46;
	objects = {

/* Begin PBXBuildFile section */
		12BC71B11565757900A69B70 /* Foundation.framework in Frameworks */ = {isa = PBXBuildFile; fileRef = 12BC71B01565757900A69B70 /* Foundation.framework */; };
		12BC71B41565757900A69B70 /* main.m in Sources */ = {isa = PBXBuildFile; fileRef = 12BC71B31565757900A69B70 /* main.m */; };
		12BC71B81565757900A69B70 /* superSubClasses.1 in CopyFiles */ = {isa = PBXBuildFile; fileRef = 12BC71B71565757900A69B70 /* superSubClasses.1 */; };
/* End PBXBuildFile section */

/* Begin PBXCopyFilesBuildPhase section */
		12BC71AA1565757900A69B70 /* CopyFiles */ = {
			isa = PBXCopyFilesBuildPhase;
			buildActionMask = 2147483647;
			dstPath = /usr/share/man/man1/;
			dstSubfolderSpec = 0;
			files = (
				12BC71B81565757900A69B70 /* superSubClasses.1 in CopyFiles */,
			);
			runOnlyForDeploymentPostprocessing = 1;
		};
/* End PBXCopyFilesBuildPhase section */

/* Begin PBXFileReference section */
		12BC71AC1565757900A69B70 /* superSubClasses */ = {isa = PBXFileReference; explicitFileType = "compiled.mach-o.executable"; includeInIndex = 0; path = superSubClasses; sourceTree = BUILT_PRODUCTS_DIR; };
		12BC71B01565757900A69B70 /* Foundation.framework */ = {isa = PBXFileReference; lastKnownFileType = wrapper.framework; name = Foundation.framework; path = System/Library/Frameworks/Foundation.framework; sourceTree = SDKROOT; };
		12BC71B31565757900A69B70 /* main.m */ = {isa = PBXFileReference; lastKnownFileType = sourcecode.c.objc; path = main.m; sourceTree = "<group>"; };
		12BC71B61565757900A69B70 /* superSubClasses-Prefix.pch */ = {isa = PBXFileReference; path = "superSubClasses-Prefix.pch"; sourceTree = "<group>"; };
		12BC71B71565757900A69B70 /* superSubClasses.1 */ = {isa = PBXFileReference; lastKnownFileType = text.man; path = superSubClasses.1; sourceTree = "<group>"; };
/* End PBXFileReference section */

/* Begin PBXFrameworksBuildPhase section */
		12BC71A91565757900A69B70 /* Frameworks */ = {
			isa = PBXFrameworksBuildPhase;
			buildActionMask = 2147483647;
			files = (
				12BC71B11565757900A69B70 /* Foundation.framework in Frameworks */,
			);
			runOnlyForDeploymentPostprocessing = 0;
		};
/* End PBXFrameworksBuildPhase section */

/* Begin PBXGroup section */
		12BC71A11565757800A69B70 = {
			isa = PBXGroup;
			children = (
				12BC71B21565757900A69B70 /* superSubClasses */,
				12BC71AF1565757900A69B70 /* Frameworks */,
				12BC71AD1565757900A69B70 /* Products */,
			);
			sourceTree = "<group>";
		};
		12BC71AD1565757900A69B70 /* Products */ = {
			isa = PBXGroup;
			children = (
				12BC71AC1565757900A69B70 /* superSubClasses */,
			);
			name = Products;
			sourceTree = "<group>";
		};
		12BC71AF1565757900A69B70 /* Frameworks */ = {
			isa = PBXGroup;
			children = (
				12BC71B01565757900A69B70 /* Foundation.framework */,
			);
			name = Frameworks;
			sourceTree = "<group>";
		};
		12BC71B21565757900A69B70 /* superSubClasses */ = {
			isa = PBXGroup;
			children = (
				12BC71B31565757900A69B70 /* main.m */,
				12BC71B71565757900A69B70 /* superSubClasses.1 */,
				12BC71B51565757900A69B70 /* Supporting Files */,
			);
			path = superSubClasses;
			sourceTree = "<group>";
		};
		12BC71B51565757900A69B70 /* Supporting Files */ = {
			isa = PBXGroup;
			children = (
				12BC71B61565757900A69B70 /* superSubClasses-Prefix.pch */,
			);
			name = "Supporting Files";
			sourceTree = "<group>";
		};
/* End PBXGroup section */

/* Begin PBXNativeTarget section */
		12BC71AB1565757900A69B70 /* superSubClasses */ = {
			isa = PBXNativeTarget;
			buildConfigurationList = 12BC71BB1565757900A69B70 /* Build configuration list for PBXNativeTarget "superSubClasses" */;
			buildPhases = (
				12BC71A81565757900A69B70 /* Sources */,
				12BC71A91565757900A69B70 /* Frameworks */,
				12BC71AA1565757900A69B70 /* CopyFiles */,
			);
			buildRules = (
			);
			dependencies = (
			);
			name = superSubClasses;
			productName = superSubClasses;
			productReference = 12BC71AC1565757900A69B70 /* superSubClasses */;
			productType = "com.apple.product-type.tool";
		};
/* End PBXNativeTarget section */

/* Begin PBXProject section */
		12BC71A31565757800A69B70 /* Project object */ = {
			isa = PBXProject;
			attributes = {
				LastUpgradeCheck = 0430;
			};
			buildConfigurationList = 12BC71A61565757800A69B70 /* Build configuration list for PBXProject "superSubClasses" */;
			compatibilityVersion = "Xcode 3.2";
			developmentRegion = English;
			hasScannedForEncodings = 0;
			knownRegions = (
				en,
			);
			mainGroup = 12BC71A11565757800A69B70;
			productRefGroup = 12BC71AD1565757900A69B70 /* Products */;
			projectDirPath = "";
			projectRoot = "";
			targets = (
				12BC71AB1565757900A69B70 /* superSubClasses */,
			);
		};
/* End PBXProject section */

/* Begin PBXSourcesBuildPhase section */
		12BC71A81565757900A69B70 /* Sources */ = {
			isa = PBXSourcesBuildPhase;
			buildActionMask = 2147483647;
			files = (
				12BC71B41565757900A69B70 /* main.m in Sources */,
			);
			runOnlyForDeploymentPostprocessing = 0;
		};
/* End PBXSourcesBuildPhase section */

/* Begin XCBuildConfiguration section */
		12BC71B91565757900A69B70 /* Debug */ = {
			isa = XCBuildConfiguration;
			buildSettings = {
				ALWAYS_SEARCH_USER_PATHS = NO;
				ARCHS = "$(ARCHS_STANDARD_64_BIT)";
				CLANG_ENABLE_OBJC_ARC = YES;
				COPY_PHASE_STRIP = NO;
				GCC_C_LANGUAGE_STANDARD = gnu99;
				GCC_DYNAMIC_NO_PIC = NO;
				GCC_ENABLE_OBJC_EXCEPTIONS = YES;
				GCC_OPTIMIZATION_LEVEL = 0;
				GCC_PREPROCESSOR_DEFINITIONS = (
					"DEBUG=1",
					"$(inherited)",
				);
				GCC_SYMBOLS_PRIVATE_EXTERN = NO;
				GCC_VERSION = com.apple.compilers.llvm.clang.1_0;
				GCC_WARN_64_TO_32_BIT_CONVERSION = YES;
				GCC_WARN_ABOUT_RETURN_TYPE = YES;
				GCC_WARN_UNINITIALIZED_AUTOS = YES;
				GCC_WARN_UNUSED_VARIABLE = YES;
				MACOSX_DEPLOYMENT_TARGET = 10.7;
				ONLY_ACTIVE_ARCH = YES;
				SDKROOT = macosx;
			};
			name = Debug;
		};
		12BC71BA1565757900A69B70 /* Release */ = {
			isa = XCBuildConfiguration;
			buildSettings = {
				ALWAYS_SEARCH_USER_PATHS = NO;
				ARCHS = "$(ARCHS_STANDARD_64_BIT)";
				CLANG_ENABLE_OBJC_ARC = YES;
				COPY_PHASE_STRIP = YES;
				DEBUG_INFORMATION_FORMAT = "dwarf-with-dsym";
				GCC_C_LANGUAGE_STANDARD = gnu99;
				GCC_ENABLE_OBJC_EXCEPTIONS = YES;
				GCC_VERSION = com.apple.compilers.llvm.clang.1_0;
				GCC_WARN_64_TO_32_BIT_CONVERSION = YES;
				GCC_WARN_ABOUT_RETURN_TYPE = YES;
				GCC_WARN_UNINITIALIZED_AUTOS = YES;
				GCC_WARN_UNUSED_VARIABLE = YES;
				MACOSX_DEPLOYMENT_TARGET = 10.7;
				SDKROOT = macosx;
			};
			name = Release;
		};
		12BC71BC1565757900A69B70 /* Debug */ = {
			isa = XCBuildConfiguration;
			buildSettings = {
				GCC_PRECOMPILE_PREFIX_HEADER = YES;
				GCC_PREFIX_HEADER = "superSubClasses/superSubClasses-Prefix.pch";
				PRODUCT_NAME = "$(TARGET_NAME)";
			};
			name = Debug;
		};
		12BC71BD1565757900A69B70 /* Release */ = {
			isa = XCBuildConfiguration;
			buildSettings = {
				GCC_PRECOMPILE_PREFIX_HEADER = YES;
				GCC_PREFIX_HEADER = "superSubClasses/superSubClasses-Prefix.pch";
				PRODUCT_NAME = "$(TARGET_NAME)";
			};
			name = Release;
		};
/* End XCBuildConfiguration section */

/* Begin XCConfigurationList section */
		12BC71A61565757800A69B70 /* Build configuration list for PBXProject "superSubClasses" */ = {
			isa = XCConfigurationList;
			buildConfigurations = (
				12BC71B91565757900A69B70 /* Debug */,
				12BC71BA1565757900A69B70 /* Release */,
			);
			defaultConfigurationIsVisible = 0;
			defaultConfigurationName = Release;
		};
		12BC71BB1565757900A69B70 /* Build configuration list for PBXNativeTarget "superSubClasses" */ = {
			isa = XCConfigurationList;
			buildConfigurations = (
				12BC71BC1565757900A69B70 /* Debug */,
				12BC71BD1565757900A69B70 /* Release */,
			);
			defaultConfigurationIsVisible = 0;
		};
/* End XCConfigurationList section */
	};
	rootObject = 12BC71A31565757800A69B70 /* Project object */;
}
